
Microsoft Visual Studio Solution File, Format Version 12.00
# Visual Studio Version 16
VisualStudioVersion = 16.0.32228.343
MinimumVisualStudioVersion = 10.0.40219.1
Project("{159641D6-6404-4A2A-AE62-294DE0FE8301}") = "configurations", "configurations\configurations.dtproj", "{CA0794C4-5845-4C58-880F-B338620ADCB2}"
EndProject
Global
	GlobalSection(SolutionConfigurationPlatforms) = preSolution
		Development|Default = Development|Default
	EndGlobalSection
	GlobalSection(ProjectConfigurationPlatforms) = postSolution
		{CA0794C4-5845-4C58-880F-B338620ADCB2}.Development|Default.ActiveCfg = Development
		{CA0794C4-5845-4C58-880F-B338620ADCB2}.Development|Default.Build.0 = Development
	EndGlobalSection
	GlobalSection(SolutionProperties) = preSolution
		HideSolutionNode = FALSE
	EndGlobalSection
	GlobalSection(ExtensibilityGlobals) = postSolution
		SolutionGuid = {DE5F3901-7741-4B15-9FDB-26F31130E0FC}
	EndGlobalSection
EndGlobal
